<?xml version="1.0" encoding="utf-8"?>
<Project ToolsVersion="4.0" xmlns="http://schemas.microsoft.com/developer/msbuild/2003">
  <ItemGroup>
    <Filter Include="Source Files">
      <UniqueIdentifier>{4FC737F1-C7A5-4376-A066-2A32D752A2FF}</UniqueIdentifier>
      <Extensions>cpp;c;cc;cxx;c++;cppm;ixx;def;odl;idl;hpj;bat;asm;asmx</Extensions>
    </Filter>
    <Filter Include="Header Files">
      <UniqueIdentifier>{93995380-89BD-4b04-88EB-625FBE52EBFB}</UniqueIdentifier>
      <Extensions>h;hh;hpp;hxx;h++;hm;inl;inc;ipp;xsd</Extensions>
    </Filter>
    <Filter Include="Resource Files">
      <UniqueIdentifier>{67DA6AB6-F800-4c08-8B7A-83BB121AAD01}</UniqueIdentifier>
      <Extensions>rc;ico;cur;bmp;dlg;rc2;rct;bin;rgs;gif;jpg;jpeg;jpe;resx;tiff;tif;png;wav;mfcribbon-ms</Extensions>
    </Filter>
    <Filter Include="Source Files\2d">
      <UniqueIdentifier>{8bef735f-db7b-4020-9366-61ee9f77478d}</UniqueIdentifier>
    </Filter>
    <Filter Include="Source Files\2d\Client">
      <UniqueIdentifier>{05561a6c-35ab-4fe5-8ec3-99f053c812fe}</UniqueIdentifier>
    </Filter>
    <Filter Include="Source Files\2d\Engine">
      <UniqueIdentifier>{95b2ccd5-6946-469b-81da-7ee6e0073df9}</UniqueIdentifier>
    </Filter>
    <Filter Include="Source Files\2d\Entitys">
      <UniqueIdentifier>{87bf0918-19eb-4735-95c2-0d29683c2827}</UniqueIdentifier>
    </Filter>
    <Filter Include="Source Files\2d\General">
      <UniqueIdentifier>{112a9fab-2bf1-4d52-86b4-794e1272a8d5}</UniqueIdentifier>
    </Filter>
    <Filter Include="Source Files\2d\Shaders">
      <UniqueIdentifier>{a1d48312-01a4-4602-bbe0-c96fcb8d60e6}</UniqueIdentifier>
    </Filter>
    <Filter Include="Source Files\2d\Tutorial">
      <UniqueIdentifier>{1ba12617-0035-495e-a956-dcb1a3d9aa85}</UniqueIdentifier>
    </Filter>
    <Filter Include="Source Files\3d">
      <UniqueIdentifier>{7e24e3c5-0b80-46d6-b41c-579b49a7c9fb}</UniqueIdentifier>
    </Filter>
  </ItemGroup>
  <ItemGroup>
    <ClCompile Include="filesReader.cpp">
      <Filter>Source Files\2d\Tutorial</Filter>
    </ClCompile>
    <ClCompile Include="shaders.cpp">
      <Filter>Source Files\2d\Tutorial</Filter>
    </ClCompile>
    <ClCompile Include="mainTutorial.cpp">
      <Filter>Source Files\2d\Tutorial</Filter>
    </ClCompile>
    <ClCompile Include="Entity.cpp">
      <Filter>Source Files\2d\Entitys</Filter>
    </ClCompile>
    <ClCompile Include="Shader.cpp">
      <Filter>Source Files\2d\Shaders</Filter>
    </ClCompile>
    <ClCompile Include="MyGame.cpp">
      <Filter>Source Files\2d\Client</Filter>
    </ClCompile>
    <ClCompile Include="Game.cpp">
      <Filter>Source Files\2d\Engine</Filter>
    </ClCompile>
    <ClCompile Include="Utilities.cpp">
      <Filter>Source Files\2d\General</Filter>
    </ClCompile>
    <ClCompile Include="ResourceManager.cpp">
      <Filter>Source Files\2d\Engine</Filter>
    </ClCompile>
    <ClCompile Include="EntityManager.cpp">
      <Filter>Source Files\2d\Engine</Filter>
    </ClCompile>
    <ClCompile Include="Shape.cpp">
      <Filter>Source Files\2d\Entitys</Filter>
    </ClCompile>
    <ClCompile Include="ShapeShader.cpp">
      <Filter>Source Files\2d\Shaders</Filter>
    </ClCompile>
    <ClCompile Include="Traingle.cpp">
      <Filter>Source Files\2d\Entitys</Filter>
    </ClCompile>
    <ClCompile Include="Square.cpp">
      <Filter>Source Files\2d\Entitys</Filter>
    </ClCompile>
    <ClCompile Include="VertexBufferManager.cpp">
      <Filter>Source Files\2d\General</Filter>
    </ClCompile>
    <ClCompile Include="ShadersCreator.cpp">
      <Filter>Source Files\2d\General</Filter>
    </ClCompile>
    <ClCompile Include="Transform.cpp">
      <Filter>Source Files\2d\General</Filter>
    </ClCompile>
    <ClCompile Include="main.cpp">
      <Filter>Source Files\2d\Client</Filter>
    </ClCompile>
    <ClCompile Include="Camera.cpp">
      <Filter>Source Files\2d\General</Filter>
    </ClCompile>
    <ClCompile Include="KeyInput.cpp">
      <Filter>Source Files</Filter>
    </ClCompile>
  </ItemGroup>
  <ItemGroup>
    <None Include="vertexShader.glsl" />
    <None Include="fragmentShader.glsl" />
  </ItemGroup>
  <ItemGroup>
    <ClInclude Include="Game.h">
      <Filter>Header Files</Filter>
    </ClInclude>
    <ClInclude Include="Entity.h">
      <Filter>Header Files</Filter>
    </ClInclude>
    <ClInclude Include="Shader.h">
      <Filter>Header Files</Filter>
    </ClInclude>
    <ClInclude Include="MyGame.h">
      <Filter>Header Files</Filter>
    </ClInclude>
    <ClInclude Include="ResourceManager.h">
      <Filter>Header Files</Filter>
    </ClInclude>
    <ClInclude Include="Utilities.h">
      <Filter>Header Files</Filter>
    </ClInclude>
    <ClInclude Include="ShadersCreator.h">
      <Filter>Header Files</Filter>
    </ClInclude>
    <ClInclude Include="VertexBufferManager.h">
      <Filter>Header Files</Filter>
    </ClInclude>
    <ClInclude Include="EntityManager.h">
      <Filter>Header Files</Filter>
    </ClInclude>
    <ClInclude Include="Shape.h">
      <Filter>Header Files</Filter>
    </ClInclude>
    <ClInclude Include="ShapeShader.h">
      <Filter>Header Files</Filter>
    </ClInclude>
    <ClInclude Include="Traingle.h">
      <Filter>Header Files</Filter>
    </ClInclude>
    <ClInclude Include="Square.h">
      <Filter>Header Files</Filter>
    </ClInclude>
    <ClInclude Include="Transform.h">
      <Filter>Header Files</Filter>
    </ClInclude>
    <ClInclude Include="Colors.h">
      <Filter>Header Files</Filter>
    </ClInclude>
    <ClInclude Include="Camera.h">
      <Filter>Header Files</Filter>
    </ClInclude>
    <ClInclude Include="KeyInput.h">
      <Filter>Header Files</Filter>
    </ClInclude>
  </ItemGroup>
</Project>